
Microsoft Visual Studio Solution File, Format Version 12.00
Project("{2150E333-8FDC-42A3-9474-1A3956D46DE8}") = "src", "src", "{F284D37A-C469-4A11-9A95-6A28B454B261}"
EndProject
Project("{2150E333-8FDC-42A3-9474-1A3956D46DE8}") = "tests", "tests", "{914355FD-8F6E-4B43-831B-991956EB1856}"
EndProject
Project("{2150E333-8FDC-42A3-9474-1A3956D46DE8}") = "common", "common", "{70F7BB71-7220-4D09-8A8F-E212037D9A78}"
ProjectSection(SolutionItems) = preProject
	dockerfile = dockerfile
	README.md = README.md
	.gitignore = .gitignore
	docker-compose.yml = docker-compose.yml
EndProjectSection
EndProject
Project("{FAE04EC0-301F-11D3-BF4B-00C04F79EFBC}") = "OzonEdu.MerchandiseService", "src\OzonEdu.MerchandiseService\OzonEdu.MerchandiseService.csproj", "{09A758AE-58F0-451A-A2FD-0BFF5F5E7B0B}"
EndProject
Project("{FAE04EC0-301F-11D3-BF4B-00C04F79EFBC}") = "OzonEdu.MerchandiseService.HttpClient", "src\OzonEdu.MerchandiseService.HttpClient\OzonEdu.MerchandiseService.HttpClient.csproj", "{5CED3B4A-E2B4-44EC-ACB1-BEA6E80F7C7F}"
EndProject
Project("{FAE04EC0-301F-11D3-BF4B-00C04F79EFBC}") = "OzonEdu.MerchandiseService.Grpc", "src\OzonEdu.MerchandiseService.Grpc\OzonEdu.MerchandiseService.Grpc.csproj", "{7B3E541E-F4D0-47F1-BC4C-C3C321A83C96}"
EndProject
Project("{FAE04EC0-301F-11D3-BF4B-00C04F79EFBC}") = "OzonEdu.MerchandiseService.GrpcClient", "src\OzonEdu.MerchandiseService.GrpcClient\OzonEdu.MerchandiseService.GrpcClient.csproj", "{D5EAC903-0494-4BC4-A961-7B7732CBBC54}"
EndProject
Project("{FAE04EC0-301F-11D3-BF4B-00C04F79EFBC}") = "TestHttpClient", "tests\TestHttpClient\TestHttpClient.csproj", "{1A0D3536-7044-4D54-A059-1492CCD4AA89}"
EndProject
Project("{FAE04EC0-301F-11D3-BF4B-00C04F79EFBC}") = "OzonEdu.MerchandiseService.HttpModels", "src\OzonEdu.MerchandiseService.HttpModels\OzonEdu.MerchandiseService.HttpModels.csproj", "{C10ECD4D-D038-405D-A86D-1FD9999E447F}"
EndProject
Project("{FAE04EC0-301F-11D3-BF4B-00C04F79EFBC}") = "OzonEdu.MerchandiseService.Domain", "src\OzonEdu.MerchandiseService.Domain\OzonEdu.MerchandiseService.Domain.csproj", "{F428969A-83B2-43C0-A343-3DB66A09AE7B}"
EndProject
Global
	GlobalSection(SolutionConfigurationPlatforms) = preSolution
		Debug|Any CPU = Debug|Any CPU
		Release|Any CPU = Release|Any CPU
	EndGlobalSection
	GlobalSection(NestedProjects) = preSolution
		{09A758AE-58F0-451A-A2FD-0BFF5F5E7B0B} = {F284D37A-C469-4A11-9A95-6A28B454B261}
		{5CED3B4A-E2B4-44EC-ACB1-BEA6E80F7C7F} = {F284D37A-C469-4A11-9A95-6A28B454B261}
		{7B3E541E-F4D0-47F1-BC4C-C3C321A83C96} = {F284D37A-C469-4A11-9A95-6A28B454B261}
		{D5EAC903-0494-4BC4-A961-7B7732CBBC54} = {F284D37A-C469-4A11-9A95-6A28B454B261}
		{1A0D3536-7044-4D54-A059-1492CCD4AA89} = {914355FD-8F6E-4B43-831B-991956EB1856}
		{C10ECD4D-D038-405D-A86D-1FD9999E447F} = {F284D37A-C469-4A11-9A95-6A28B454B261}
		{F428969A-83B2-43C0-A343-3DB66A09AE7B} = {F284D37A-C469-4A11-9A95-6A28B454B261}
	EndGlobalSection
	GlobalSection(ProjectConfigurationPlatforms) = postSolution
		{09A758AE-58F0-451A-A2FD-0BFF5F5E7B0B}.Debug|Any CPU.ActiveCfg = Debug|Any CPU
		{09A758AE-58F0-451A-A2FD-0BFF5F5E7B0B}.Debug|Any CPU.Build.0 = Debug|Any CPU
		{09A758AE-58F0-451A-A2FD-0BFF5F5E7B0B}.Release|Any CPU.ActiveCfg = Release|Any CPU
		{09A758AE-58F0-451A-A2FD-0BFF5F5E7B0B}.Release|Any CPU.Build.0 = Release|Any CPU
		{5CED3B4A-E2B4-44EC-ACB1-BEA6E80F7C7F}.Debug|Any CPU.ActiveCfg = Debug|Any CPU
		{5CED3B4A-E2B4-44EC-ACB1-BEA6E80F7C7F}.Debug|Any CPU.Build.0 = Debug|Any CPU
		{5CED3B4A-E2B4-44EC-ACB1-BEA6E80F7C7F}.Release|Any CPU.ActiveCfg = Release|Any CPU
		{5CED3B4A-E2B4-44EC-ACB1-BEA6E80F7C7F}.Release|Any CPU.Build.0 = Release|Any CPU
		{7B3E541E-F4D0-47F1-BC4C-C3C321A83C96}.Debug|Any CPU.ActiveCfg = Debug|Any CPU
		{7B3E541E-F4D0-47F1-BC4C-C3C321A83C96}.Debug|Any CPU.Build.0 = Debug|Any CPU
		{7B3E541E-F4D0-47F1-BC4C-C3C321A83C96}.Release|Any CPU.ActiveCfg = Release|Any CPU
		{7B3E541E-F4D0-47F1-BC4C-C3C321A83C96}.Release|Any CPU.Build.0 = Release|Any CPU
		{D5EAC903-0494-4BC4-A961-7B7732CBBC54}.Debug|Any CPU.ActiveCfg = Debug|Any CPU
		{D5EAC903-0494-4BC4-A961-7B7732CBBC54}.Debug|Any CPU.Build.0 = Debug|Any CPU
		{D5EAC903-0494-4BC4-A961-7B7732CBBC54}.Release|Any CPU.ActiveCfg = Release|Any CPU
		{D5EAC903-0494-4BC4-A961-7B7732CBBC54}.Release|Any CPU.Build.0 = Release|Any CPU
		{1A0D3536-7044-4D54-A059-1492CCD4AA89}.Debug|Any CPU.ActiveCfg = Debug|Any CPU
		{1A0D3536-7044-4D54-A059-1492CCD4AA89}.Debug|Any CPU.Build.0 = Debug|Any CPU
		{1A0D3536-7044-4D54-A059-1492CCD4AA89}.Release|Any CPU.ActiveCfg = Release|Any CPU
		{1A0D3536-7044-4D54-A059-1492CCD4AA89}.Release|Any CPU.Build.0 = Release|Any CPU
		{C10ECD4D-D038-405D-A86D-1FD9999E447F}.Debug|Any CPU.ActiveCfg = Debug|Any CPU
		{C10ECD4D-D038-405D-A86D-1FD9999E447F}.Debug|Any CPU.Build.0 = Debug|Any CPU
		{C10ECD4D-D038-405D-A86D-1FD9999E447F}.Release|Any CPU.ActiveCfg = Release|Any CPU
		{C10ECD4D-D038-405D-A86D-1FD9999E447F}.Release|Any CPU.Build.0 = Release|Any CPU
		{F428969A-83B2-43C0-A343-3DB66A09AE7B}.Debug|Any CPU.ActiveCfg = Debug|Any CPU
		{F428969A-83B2-43C0-A343-3DB66A09AE7B}.Debug|Any CPU.Build.0 = Debug|Any CPU
		{F428969A-83B2-43C0-A343-3DB66A09AE7B}.Release|Any CPU.ActiveCfg = Release|Any CPU
		{F428969A-83B2-43C0-A343-3DB66A09AE7B}.Release|Any CPU.Build.0 = Release|Any CPU
	EndGlobalSection
EndGlobal
