
Microsoft Visual Studio Solution File, Format Version 12.00
Project("{2150E333-8FDC-42A3-9474-1A3956D46DE8}") = "src", "src", "{F284D37A-C469-4A11-9A95-6A28B454B261}"
EndProject
Project("{2150E333-8FDC-42A3-9474-1A3956D46DE8}") = "tests", "tests", "{914355FD-8F6E-4B43-831B-991956EB1856}"
EndProject
Project("{2150E333-8FDC-42A3-9474-1A3956D46DE8}") = "common", "common", "{70F7BB71-7220-4D09-8A8F-E212037D9A78}"
ProjectSection(SolutionItems) = preProject
	dockerfile = dockerfile
EndProjectSection
EndProject
Project("{FAE04EC0-301F-11D3-BF4B-00C04F79EFBC}") = "MerchandiseService", "src\MerchandiseService\MerchandiseService.csproj", "{09A758AE-58F0-451A-A2FD-0BFF5F5E7B0B}"
EndProject
Global
	GlobalSection(SolutionConfigurationPlatforms) = preSolution
		Debug|Any CPU = Debug|Any CPU
		Release|Any CPU = Release|Any CPU
	EndGlobalSection
	GlobalSection(NestedProjects) = preSolution
		{09A758AE-58F0-451A-A2FD-0BFF5F5E7B0B} = {F284D37A-C469-4A11-9A95-6A28B454B261}
	EndGlobalSection
	GlobalSection(ProjectConfigurationPlatforms) = postSolution
		{09A758AE-58F0-451A-A2FD-0BFF5F5E7B0B}.Debug|Any CPU.ActiveCfg = Debug|Any CPU
		{09A758AE-58F0-451A-A2FD-0BFF5F5E7B0B}.Debug|Any CPU.Build.0 = Debug|Any CPU
		{09A758AE-58F0-451A-A2FD-0BFF5F5E7B0B}.Release|Any CPU.ActiveCfg = Release|Any CPU
		{09A758AE-58F0-451A-A2FD-0BFF5F5E7B0B}.Release|Any CPU.Build.0 = Release|Any CPU
	EndGlobalSection
EndGlobal
